
Microsoft Visual Studio Solution File, Format Version 12.00
# Visual Studio 15
VisualStudioVersion = 15.0.28307.329
MinimumVisualStudioVersion = 10.0.40219.1
Project("{FAE04EC0-301F-11D3-BF4B-00C04F79EFBC}") = "设计模式学习", "WindowsFormsApp1\设计模式学习.csproj", "{36B44042-5C99-446D-AFCA-6DE378002A7F}"
EndProject
Project("{9A19103F-16F7-4668-BE54-9A1E7A4F7556}") = "docker学习1", "WebApplication1\docker学习1.csproj", "{416B0D53-4747-4A98-B252-D4366381C6BB}"
EndProject
Project("{9A19103F-16F7-4668-BE54-9A1E7A4F7556}") = "Common", "Common\Common.csproj", "{8C2AC85E-9260-4965-B167-9C04F3B704B6}"
EndProject
Project("{9A19103F-16F7-4668-BE54-9A1E7A4F7556}") = "docker学习", "Web\docker学习.csproj", "{C47C3B12-F59C-478A-9D58-35B16224A711}"
EndProject
Project("{9A19103F-16F7-4668-BE54-9A1E7A4F7556}") = "责任链设计模式", "责任链设计模式\责任链设计模式.csproj", "{7EAA4E0E-3A56-47C7-B68B-F3BF644D801D}"
EndProject
Project("{9A19103F-16F7-4668-BE54-9A1E7A4F7556}") = "装饰器模式", "装饰器模式\装饰器模式.csproj", "{D1B5831D-7FA9-46EB-B36F-8ADCCFAF54A8}"
EndProject
Project("{9A19103F-16F7-4668-BE54-9A1E7A4F7556}") = "单例模式", "单例模式\单例模式.csproj", "{CAF49CB5-538A-46AE-93A1-3D9977FF648D}"
EndProject
Project("{FAE04EC0-301F-11D3-BF4B-00C04F79EFBC}") = "单例模式1", "单例模式1\单例模式1.csproj", "{228617C9-26C1-4AFE-AFD6-84D8E5A73BF6}"
EndProject
Project("{9A19103F-16F7-4668-BE54-9A1E7A4F7556}") = "多线程", "多线程\多线程.csproj", "{03370D93-1209-4285-8776-B72E7D0248BF}"
EndProject
Project("{9A19103F-16F7-4668-BE54-9A1E7A4F7556}") = "享元设计模式", "享元设计模式\享元设计模式.csproj", "{8B6D7A9E-1F90-4FEE-9035-5EEA47E4C37D}"
EndProject
Project("{9A19103F-16F7-4668-BE54-9A1E7A4F7556}") = "字符串类型对比是否相等问题", "字符串类型对比是否相等问题\字符串类型对比是否相等问题.csproj", "{69E05330-F2CD-48F5-A83F-FD9BA65E6992}"
EndProject
Project("{FAE04EC0-301F-11D3-BF4B-00C04F79EFBC}") = "行锁", "行锁\行锁.csproj", "{E80BA232-761D-4310-B180-1575A8354B03}"
EndProject
Project("{9A19103F-16F7-4668-BE54-9A1E7A4F7556}") = "ConsulServer", "ConsulServer\ConsulServer.csproj", "{06FF1AE9-D4DF-4F61-8713-4EFF4CF97324}"
EndProject
Project("{9A19103F-16F7-4668-BE54-9A1E7A4F7556}") = "ConClient", "ConClient\ConClient.csproj", "{6BF5163B-CC64-42C5-A743-1FBA3E4F4A19}"
EndProject
Project("{9A19103F-16F7-4668-BE54-9A1E7A4F7556}") = "ocelotTest", "ocelotTest\ocelotTest.csproj", "{5D2605C2-D1DA-48C8-B7E0-D00FB86CD407}"
EndProject
Project("{9A19103F-16F7-4668-BE54-9A1E7A4F7556}") = "pollyTest", "pollyTest\pollyTest.csproj", "{BA008997-8FBB-4846-829C-D330EA38087C}"
EndProject
Project("{FAE04EC0-301F-11D3-BF4B-00C04F79EFBC}") = "aspnetCoreHystrix", "aspnetCoreHystrix\aspnetCoreHystrix.csproj", "{1FB694EC-1376-4233-B608-D6968F4D2B63}"
EndProject
Project("{9A19103F-16F7-4668-BE54-9A1E7A4F7556}") = "aspnetCorejwt", "aspnetCorejwt\aspnetCorejwt.csproj", "{9DFF6426-219E-44BB-A4EF-14F2126F69EC}"
EndProject
Project("{9A19103F-16F7-4668-BE54-9A1E7A4F7556}") = "IdentityServer4Test", "IdentityServer4Test\IdentityServer4Test.csproj", "{A9AD41C7-8C58-4242-A631-659EF0B0BAE7}"
EndProject
Project("{9A19103F-16F7-4668-BE54-9A1E7A4F7556}") = "IdentityServerApiTest", "IdentityServerApiTest\IdentityServerApiTest.csproj", "{4578FA06-C166-4C5E-9CFF-B2B63396D814}"
EndProject
Project("{9A19103F-16F7-4668-BE54-9A1E7A4F7556}") = "IndentityServerClientTest", "IndentityServerClientTest\IndentityServerClientTest.csproj", "{220C76AB-0732-41AE-8CED-9C310A9D595F}"
EndProject
Project("{9A19103F-16F7-4668-BE54-9A1E7A4F7556}") = "TokenDemo", "TokenDemo\TokenDemo.csproj", "{EE2C2626-300E-4EA1-AC29-6A517A35FFA7}"
EndProject
Project("{2150E333-8FDC-42A3-9474-1A3956D46DE8}") = "ocelot+IdentityServer", "ocelot+IdentityServer", "{D8A9C1A5-A299-45DB-B2F8-5A97BAC7E137}"
EndProject
Project("{9A19103F-16F7-4668-BE54-9A1E7A4F7556}") = "ocelotServerTest", "ocelotServerTest\ocelotServerTest.csproj", "{0598190A-A7BC-4776-A5CD-60606412DA02}"
EndProject
Project("{9A19103F-16F7-4668-BE54-9A1E7A4F7556}") = "ConsulRegins", "ConsulRegins\ConsulRegins.csproj", "{EC33C0AF-EC42-47D1-AEF4-7C2C64510B34}"
EndProject
Project("{9A19103F-16F7-4668-BE54-9A1E7A4F7556}") = "Iservice", "Iservice\Iservice.csproj", "{0AB78F47-D3C4-4063-8BAB-681C80E98534}"
EndProject
Project("{9A19103F-16F7-4668-BE54-9A1E7A4F7556}") = "Model", "Model\Model.csproj", "{381EC379-F189-4EEC-A3D2-D98F2E6117BD}"
EndProject
Project("{9A19103F-16F7-4668-BE54-9A1E7A4F7556}") = "netCore", "netCore\netCore.csproj", "{02CE85D9-4817-44F9-B59E-2F24F403B401}"
EndProject
Project("{9A19103F-16F7-4668-BE54-9A1E7A4F7556}") = "test1", "test1\test1.csproj", "{D9EFEB0E-665E-4B7C-8CBC-DD8F53DB5989}"
EndProject
Project("{9A19103F-16F7-4668-BE54-9A1E7A4F7556}") = "OcelotGateway", "E:\学习\Asp.NetCoreExperiment-master\Asp.NetCoreExperiment\ConsulOcelot\OcelotGateway\OcelotGateway.csproj", "{39C42762-A0FA-4AD2-BCFB-99A1F2361262}"
EndProject
Project("{FAE04EC0-301F-11D3-BF4B-00C04F79EFBC}") = "IdentityServerClient", "IdentityServerClient\IdentityServerClient.csproj", "{5783220E-4956-4542-B219-9DD6DF36EB03}"
EndProject
Global
	GlobalSection(SolutionConfigurationPlatforms) = preSolution
		Debug|Any CPU = Debug|Any CPU
		Release|Any CPU = Release|Any CPU
	EndGlobalSection
	GlobalSection(ProjectConfigurationPlatforms) = postSolution
		{36B44042-5C99-446D-AFCA-6DE378002A7F}.Debug|Any CPU.ActiveCfg = Debug|Any CPU
		{36B44042-5C99-446D-AFCA-6DE378002A7F}.Debug|Any CPU.Build.0 = Debug|Any CPU
		{36B44042-5C99-446D-AFCA-6DE378002A7F}.Release|Any CPU.ActiveCfg = Release|Any CPU
		{36B44042-5C99-446D-AFCA-6DE378002A7F}.Release|Any CPU.Build.0 = Release|Any CPU
		{416B0D53-4747-4A98-B252-D4366381C6BB}.Debug|Any CPU.ActiveCfg = Debug|Any CPU
		{416B0D53-4747-4A98-B252-D4366381C6BB}.Debug|Any CPU.Build.0 = Debug|Any CPU
		{416B0D53-4747-4A98-B252-D4366381C6BB}.Release|Any CPU.ActiveCfg = Release|Any CPU
		{416B0D53-4747-4A98-B252-D4366381C6BB}.Release|Any CPU.Build.0 = Release|Any CPU
		{8C2AC85E-9260-4965-B167-9C04F3B704B6}.Debug|Any CPU.ActiveCfg = Debug|Any CPU
		{8C2AC85E-9260-4965-B167-9C04F3B704B6}.Debug|Any CPU.Build.0 = Debug|Any CPU
		{8C2AC85E-9260-4965-B167-9C04F3B704B6}.Release|Any CPU.ActiveCfg = Release|Any CPU
		{8C2AC85E-9260-4965-B167-9C04F3B704B6}.Release|Any CPU.Build.0 = Release|Any CPU
		{C47C3B12-F59C-478A-9D58-35B16224A711}.Debug|Any CPU.ActiveCfg = Debug|Any CPU
		{C47C3B12-F59C-478A-9D58-35B16224A711}.Debug|Any CPU.Build.0 = Debug|Any CPU
		{C47C3B12-F59C-478A-9D58-35B16224A711}.Release|Any CPU.ActiveCfg = Release|Any CPU
		{C47C3B12-F59C-478A-9D58-35B16224A711}.Release|Any CPU.Build.0 = Release|Any CPU
		{7EAA4E0E-3A56-47C7-B68B-F3BF644D801D}.Debug|Any CPU.ActiveCfg = Debug|Any CPU
		{7EAA4E0E-3A56-47C7-B68B-F3BF644D801D}.Debug|Any CPU.Build.0 = Debug|Any CPU
		{7EAA4E0E-3A56-47C7-B68B-F3BF644D801D}.Release|Any CPU.ActiveCfg = Release|Any CPU
		{7EAA4E0E-3A56-47C7-B68B-F3BF644D801D}.Release|Any CPU.Build.0 = Release|Any CPU
		{D1B5831D-7FA9-46EB-B36F-8ADCCFAF54A8}.Debug|Any CPU.ActiveCfg = Debug|Any CPU
		{D1B5831D-7FA9-46EB-B36F-8ADCCFAF54A8}.Debug|Any CPU.Build.0 = Debug|Any CPU
		{D1B5831D-7FA9-46EB-B36F-8ADCCFAF54A8}.Release|Any CPU.ActiveCfg = Release|Any CPU
		{D1B5831D-7FA9-46EB-B36F-8ADCCFAF54A8}.Release|Any CPU.Build.0 = Release|Any CPU
		{CAF49CB5-538A-46AE-93A1-3D9977FF648D}.Debug|Any CPU.ActiveCfg = Debug|Any CPU
		{CAF49CB5-538A-46AE-93A1-3D9977FF648D}.Debug|Any CPU.Build.0 = Debug|Any CPU
		{CAF49CB5-538A-46AE-93A1-3D9977FF648D}.Release|Any CPU.ActiveCfg = Release|Any CPU
		{CAF49CB5-538A-46AE-93A1-3D9977FF648D}.Release|Any CPU.Build.0 = Release|Any CPU
		{228617C9-26C1-4AFE-AFD6-84D8E5A73BF6}.Debug|Any CPU.ActiveCfg = Debug|Any CPU
		{228617C9-26C1-4AFE-AFD6-84D8E5A73BF6}.Debug|Any CPU.Build.0 = Debug|Any CPU
		{228617C9-26C1-4AFE-AFD6-84D8E5A73BF6}.Release|Any CPU.ActiveCfg = Release|Any CPU
		{228617C9-26C1-4AFE-AFD6-84D8E5A73BF6}.Release|Any CPU.Build.0 = Release|Any CPU
		{03370D93-1209-4285-8776-B72E7D0248BF}.Debug|Any CPU.ActiveCfg = Debug|Any CPU
		{03370D93-1209-4285-8776-B72E7D0248BF}.Debug|Any CPU.Build.0 = Debug|Any CPU
		{03370D93-1209-4285-8776-B72E7D0248BF}.Release|Any CPU.ActiveCfg = Release|Any CPU
		{03370D93-1209-4285-8776-B72E7D0248BF}.Release|Any CPU.Build.0 = Release|Any CPU
		{8B6D7A9E-1F90-4FEE-9035-5EEA47E4C37D}.Debug|Any CPU.ActiveCfg = Debug|Any CPU
		{8B6D7A9E-1F90-4FEE-9035-5EEA47E4C37D}.Debug|Any CPU.Build.0 = Debug|Any CPU
		{8B6D7A9E-1F90-4FEE-9035-5EEA47E4C37D}.Release|Any CPU.ActiveCfg = Release|Any CPU
		{8B6D7A9E-1F90-4FEE-9035-5EEA47E4C37D}.Release|Any CPU.Build.0 = Release|Any CPU
		{69E05330-F2CD-48F5-A83F-FD9BA65E6992}.Debug|Any CPU.ActiveCfg = Debug|Any CPU
		{69E05330-F2CD-48F5-A83F-FD9BA65E6992}.Debug|Any CPU.Build.0 = Debug|Any CPU
		{69E05330-F2CD-48F5-A83F-FD9BA65E6992}.Release|Any CPU.ActiveCfg = Release|Any CPU
		{69E05330-F2CD-48F5-A83F-FD9BA65E6992}.Release|Any CPU.Build.0 = Release|Any CPU
		{E80BA232-761D-4310-B180-1575A8354B03}.Debug|Any CPU.ActiveCfg = Debug|Any CPU
		{E80BA232-761D-4310-B180-1575A8354B03}.Debug|Any CPU.Build.0 = Debug|Any CPU
		{E80BA232-761D-4310-B180-1575A8354B03}.Release|Any CPU.ActiveCfg = Release|Any CPU
		{E80BA232-761D-4310-B180-1575A8354B03}.Release|Any CPU.Build.0 = Release|Any CPU
		{06FF1AE9-D4DF-4F61-8713-4EFF4CF97324}.Debug|Any CPU.ActiveCfg = Debug|Any CPU
		{06FF1AE9-D4DF-4F61-8713-4EFF4CF97324}.Debug|Any CPU.Build.0 = Debug|Any CPU
		{06FF1AE9-D4DF-4F61-8713-4EFF4CF97324}.Release|Any CPU.ActiveCfg = Release|Any CPU
		{06FF1AE9-D4DF-4F61-8713-4EFF4CF97324}.Release|Any CPU.Build.0 = Release|Any CPU
		{6BF5163B-CC64-42C5-A743-1FBA3E4F4A19}.Debug|Any CPU.ActiveCfg = Debug|Any CPU
		{6BF5163B-CC64-42C5-A743-1FBA3E4F4A19}.Debug|Any CPU.Build.0 = Debug|Any CPU
		{6BF5163B-CC64-42C5-A743-1FBA3E4F4A19}.Release|Any CPU.ActiveCfg = Release|Any CPU
		{6BF5163B-CC64-42C5-A743-1FBA3E4F4A19}.Release|Any CPU.Build.0 = Release|Any CPU
		{5D2605C2-D1DA-48C8-B7E0-D00FB86CD407}.Debug|Any CPU.ActiveCfg = Debug|Any CPU
		{5D2605C2-D1DA-48C8-B7E0-D00FB86CD407}.Debug|Any CPU.Build.0 = Debug|Any CPU
		{5D2605C2-D1DA-48C8-B7E0-D00FB86CD407}.Release|Any CPU.ActiveCfg = Release|Any CPU
		{5D2605C2-D1DA-48C8-B7E0-D00FB86CD407}.Release|Any CPU.Build.0 = Release|Any CPU
		{BA008997-8FBB-4846-829C-D330EA38087C}.Debug|Any CPU.ActiveCfg = Debug|Any CPU
		{BA008997-8FBB-4846-829C-D330EA38087C}.Debug|Any CPU.Build.0 = Debug|Any CPU
		{BA008997-8FBB-4846-829C-D330EA38087C}.Release|Any CPU.ActiveCfg = Release|Any CPU
		{BA008997-8FBB-4846-829C-D330EA38087C}.Release|Any CPU.Build.0 = Release|Any CPU
		{1FB694EC-1376-4233-B608-D6968F4D2B63}.Debug|Any CPU.ActiveCfg = Debug|Any CPU
		{1FB694EC-1376-4233-B608-D6968F4D2B63}.Debug|Any CPU.Build.0 = Debug|Any CPU
		{1FB694EC-1376-4233-B608-D6968F4D2B63}.Release|Any CPU.ActiveCfg = Release|Any CPU
		{1FB694EC-1376-4233-B608-D6968F4D2B63}.Release|Any CPU.Build.0 = Release|Any CPU
		{9DFF6426-219E-44BB-A4EF-14F2126F69EC}.Debug|Any CPU.ActiveCfg = Debug|Any CPU
		{9DFF6426-219E-44BB-A4EF-14F2126F69EC}.Debug|Any CPU.Build.0 = Debug|Any CPU
		{9DFF6426-219E-44BB-A4EF-14F2126F69EC}.Release|Any CPU.ActiveCfg = Release|Any CPU
		{9DFF6426-219E-44BB-A4EF-14F2126F69EC}.Release|Any CPU.Build.0 = Release|Any CPU
		{A9AD41C7-8C58-4242-A631-659EF0B0BAE7}.Debug|Any CPU.ActiveCfg = Debug|Any CPU
		{A9AD41C7-8C58-4242-A631-659EF0B0BAE7}.Debug|Any CPU.Build.0 = Debug|Any CPU
		{A9AD41C7-8C58-4242-A631-659EF0B0BAE7}.Release|Any CPU.ActiveCfg = Release|Any CPU
		{A9AD41C7-8C58-4242-A631-659EF0B0BAE7}.Release|Any CPU.Build.0 = Release|Any CPU
		{4578FA06-C166-4C5E-9CFF-B2B63396D814}.Debug|Any CPU.ActiveCfg = Debug|Any CPU
		{4578FA06-C166-4C5E-9CFF-B2B63396D814}.Debug|Any CPU.Build.0 = Debug|Any CPU
		{4578FA06-C166-4C5E-9CFF-B2B63396D814}.Release|Any CPU.ActiveCfg = Release|Any CPU
		{4578FA06-C166-4C5E-9CFF-B2B63396D814}.Release|Any CPU.Build.0 = Release|Any CPU
		{220C76AB-0732-41AE-8CED-9C310A9D595F}.Debug|Any CPU.ActiveCfg = Debug|Any CPU
		{220C76AB-0732-41AE-8CED-9C310A9D595F}.Debug|Any CPU.Build.0 = Debug|Any CPU
		{220C76AB-0732-41AE-8CED-9C310A9D595F}.Release|Any CPU.ActiveCfg = Release|Any CPU
		{220C76AB-0732-41AE-8CED-9C310A9D595F}.Release|Any CPU.Build.0 = Release|Any CPU
		{EE2C2626-300E-4EA1-AC29-6A517A35FFA7}.Debug|Any CPU.ActiveCfg = Debug|Any CPU
		{EE2C2626-300E-4EA1-AC29-6A517A35FFA7}.Debug|Any CPU.Build.0 = Debug|Any CPU
		{EE2C2626-300E-4EA1-AC29-6A517A35FFA7}.Release|Any CPU.ActiveCfg = Release|Any CPU
		{EE2C2626-300E-4EA1-AC29-6A517A35FFA7}.Release|Any CPU.Build.0 = Release|Any CPU
		{0598190A-A7BC-4776-A5CD-60606412DA02}.Debug|Any CPU.ActiveCfg = Debug|Any CPU
		{0598190A-A7BC-4776-A5CD-60606412DA02}.Debug|Any CPU.Build.0 = Debug|Any CPU
		{0598190A-A7BC-4776-A5CD-60606412DA02}.Release|Any CPU.ActiveCfg = Release|Any CPU
		{0598190A-A7BC-4776-A5CD-60606412DA02}.Release|Any CPU.Build.0 = Release|Any CPU
		{EC33C0AF-EC42-47D1-AEF4-7C2C64510B34}.Debug|Any CPU.ActiveCfg = Debug|Any CPU
		{EC33C0AF-EC42-47D1-AEF4-7C2C64510B34}.Debug|Any CPU.Build.0 = Debug|Any CPU
		{EC33C0AF-EC42-47D1-AEF4-7C2C64510B34}.Release|Any CPU.ActiveCfg = Release|Any CPU
		{EC33C0AF-EC42-47D1-AEF4-7C2C64510B34}.Release|Any CPU.Build.0 = Release|Any CPU
		{0AB78F47-D3C4-4063-8BAB-681C80E98534}.Debug|Any CPU.ActiveCfg = Debug|Any CPU
		{0AB78F47-D3C4-4063-8BAB-681C80E98534}.Debug|Any CPU.Build.0 = Debug|Any CPU
		{0AB78F47-D3C4-4063-8BAB-681C80E98534}.Release|Any CPU.ActiveCfg = Release|Any CPU
		{0AB78F47-D3C4-4063-8BAB-681C80E98534}.Release|Any CPU.Build.0 = Release|Any CPU
		{381EC379-F189-4EEC-A3D2-D98F2E6117BD}.Debug|Any CPU.ActiveCfg = Debug|Any CPU
		{381EC379-F189-4EEC-A3D2-D98F2E6117BD}.Debug|Any CPU.Build.0 = Debug|Any CPU
		{381EC379-F189-4EEC-A3D2-D98F2E6117BD}.Release|Any CPU.ActiveCfg = Release|Any CPU
		{381EC379-F189-4EEC-A3D2-D98F2E6117BD}.Release|Any CPU.Build.0 = Release|Any CPU
		{02CE85D9-4817-44F9-B59E-2F24F403B401}.Debug|Any CPU.ActiveCfg = Debug|Any CPU
		{02CE85D9-4817-44F9-B59E-2F24F403B401}.Debug|Any CPU.Build.0 = Debug|Any CPU
		{02CE85D9-4817-44F9-B59E-2F24F403B401}.Release|Any CPU.ActiveCfg = Release|Any CPU
		{02CE85D9-4817-44F9-B59E-2F24F403B401}.Release|Any CPU.Build.0 = Release|Any CPU
		{D9EFEB0E-665E-4B7C-8CBC-DD8F53DB5989}.Debug|Any CPU.ActiveCfg = Debug|Any CPU
		{D9EFEB0E-665E-4B7C-8CBC-DD8F53DB5989}.Debug|Any CPU.Build.0 = Debug|Any CPU
		{D9EFEB0E-665E-4B7C-8CBC-DD8F53DB5989}.Release|Any CPU.ActiveCfg = Release|Any CPU
		{D9EFEB0E-665E-4B7C-8CBC-DD8F53DB5989}.Release|Any CPU.Build.0 = Release|Any CPU
		{39C42762-A0FA-4AD2-BCFB-99A1F2361262}.Debug|Any CPU.ActiveCfg = Debug|Any CPU
		{39C42762-A0FA-4AD2-BCFB-99A1F2361262}.Debug|Any CPU.Build.0 = Debug|Any CPU
		{39C42762-A0FA-4AD2-BCFB-99A1F2361262}.Release|Any CPU.ActiveCfg = Release|Any CPU
		{39C42762-A0FA-4AD2-BCFB-99A1F2361262}.Release|Any CPU.Build.0 = Release|Any CPU
		{5783220E-4956-4542-B219-9DD6DF36EB03}.Debug|Any CPU.ActiveCfg = Debug|Any CPU
		{5783220E-4956-4542-B219-9DD6DF36EB03}.Debug|Any CPU.Build.0 = Debug|Any CPU
		{5783220E-4956-4542-B219-9DD6DF36EB03}.Release|Any CPU.ActiveCfg = Release|Any CPU
		{5783220E-4956-4542-B219-9DD6DF36EB03}.Release|Any CPU.Build.0 = Release|Any CPU
	EndGlobalSection
	GlobalSection(SolutionProperties) = preSolution
		HideSolutionNode = FALSE
	EndGlobalSection
	GlobalSection(NestedProjects) = preSolution
		{0598190A-A7BC-4776-A5CD-60606412DA02} = {D8A9C1A5-A299-45DB-B2F8-5A97BAC7E137}
		{EC33C0AF-EC42-47D1-AEF4-7C2C64510B34} = {D8A9C1A5-A299-45DB-B2F8-5A97BAC7E137}
		{0AB78F47-D3C4-4063-8BAB-681C80E98534} = {D8A9C1A5-A299-45DB-B2F8-5A97BAC7E137}
		{381EC379-F189-4EEC-A3D2-D98F2E6117BD} = {D8A9C1A5-A299-45DB-B2F8-5A97BAC7E137}
		{02CE85D9-4817-44F9-B59E-2F24F403B401} = {D8A9C1A5-A299-45DB-B2F8-5A97BAC7E137}
		{D9EFEB0E-665E-4B7C-8CBC-DD8F53DB5989} = {D8A9C1A5-A299-45DB-B2F8-5A97BAC7E137}
		{5783220E-4956-4542-B219-9DD6DF36EB03} = {D8A9C1A5-A299-45DB-B2F8-5A97BAC7E137}
	EndGlobalSection
	GlobalSection(ExtensibilityGlobals) = postSolution
		SolutionGuid = {2B524435-249E-45D9-BBCC-D8EA69D1DC78}
	EndGlobalSection
EndGlobal
